PODS:
  - FlutterMacOS (1.0.0)
  - native_context_menu_ng (0.0.1):
    - FlutterMacOS

DEPENDENCIES:
  - FlutterMacOS (from `Flutter/ephemeral`)
  - native_context_menu_ng (from `Flutter/ephemeral/.symlinks/plugins/native_context_menu_ng/macos`)

EXTERNAL SOURCES:
  FlutterMacOS:
    :path: Flutter/ephemeral
  native_context_menu_ng:
    :path: Flutter/ephemeral/.symlinks/plugins/native_context_menu_ng/macos

SPEC CHECKSUMS:
  FlutterMacOS: 8f6f14fa908a6fb3fba0cd85dbd81ec4b251fb24
  native_context_menu_ng: 3547f3d79e34100057bcc6676db52eb09a08ae4b

PODFILE CHECKSUM: 353c8bcc5d5b0994e508d035b5431cfe18c1dea7

COCOAPODS: 1.12.1
